
Microsoft Visual Studio Solution File, Format Version 12.00
# Visual Studio Version 17
VisualStudioVersion = 17.7.34024.191
MinimumVisualStudioVersion = 10.0.40219.1
Project("{9A19103F-16F7-4668-BE54-9A1E7A4F7556}") = "Administracion_Consorcio_AdminFairy", "Administracion_Consorcio_AdminFairy\Administracion_Consorcio_AdminFairy.csproj", "{F85E4056-305F-4335-A8E1-7887955C4E89}"
	ProjectSection(ProjectDependencies) = postProject
		{24CD3D51-96B3-4689-8CDB-B45422C58AFD} = {24CD3D51-96B3-4689-8CDB-B45422C58AFD}
	EndProjectSection
EndProject
Project("{9A19103F-16F7-4668-BE54-9A1E7A4F7556}") = "Entidades", "Entidades\Entidades.csproj", "{24CD3D51-96B3-4689-8CDB-B45422C58AFD}"
EndProject
Global
	GlobalSection(SolutionConfigurationPlatforms) = preSolution
		Debug|Any CPU = Debug|Any CPU
		Release|Any CPU = Release|Any CPU
	EndGlobalSection
	GlobalSection(ProjectConfigurationPlatforms) = postSolution
		{F85E4056-305F-4335-A8E1-7887955C4E89}.Debug|Any CPU.ActiveCfg = Debug|Any CPU
		{F85E4056-305F-4335-A8E1-7887955C4E89}.Debug|Any CPU.Build.0 = Debug|Any CPU
		{F85E4056-305F-4335-A8E1-7887955C4E89}.Release|Any CPU.ActiveCfg = Release|Any CPU
		{F85E4056-305F-4335-A8E1-7887955C4E89}.Release|Any CPU.Build.0 = Release|Any CPU
		{24CD3D51-96B3-4689-8CDB-B45422C58AFD}.Debug|Any CPU.ActiveCfg = Debug|Any CPU
		{24CD3D51-96B3-4689-8CDB-B45422C58AFD}.Debug|Any CPU.Build.0 = Debug|Any CPU
		{24CD3D51-96B3-4689-8CDB-B45422C58AFD}.Release|Any CPU.ActiveCfg = Release|Any CPU
		{24CD3D51-96B3-4689-8CDB-B45422C58AFD}.Release|Any CPU.Build.0 = Release|Any CPU
	EndGlobalSection
	GlobalSection(SolutionProperties) = preSolution
		HideSolutionNode = FALSE
	EndGlobalSection
	GlobalSection(ExtensibilityGlobals) = postSolution
		SolutionGuid = {391E9BC7-8DAE-434B-9A10-FECEDCE46F4F}
	EndGlobalSection
EndGlobal
